
Microsoft Visual Studio Solution File, Format Version 12.00
# Visual Studio 15
VisualStudioVersion = 15.0.28307.1082
MinimumVisualStudioVersion = 10.0.40219.1
Project("{8BC9CEB8-8B4A-11D0-8D11-00A0C91BC942}") = "Functions", "Functions\Functions.vcxproj", "{40050811-0F95-403C-B2CD-7C57F38BBAFB}"
EndProject
Project("{8BC9CEB8-8B4A-11D0-8D11-00A0C91BC942}") = "Arrays", "Arrays\Arrays.vcxproj", "{371A6A83-FED7-4ADD-8276-F2B85EC4C0C5}"
EndProject
Project("{8BC9CEB8-8B4A-11D0-8D11-00A0C91BC942}") = "HomeWork", "HomeWork\HomeWork.vcxproj", "{333BA57E-6079-4ED4-A7D8-E7729291C32D}"
EndProject
Global
	GlobalSection(SolutionConfigurationPlatforms) = preSolution
		Debug|x64 = Debug|x64
		Debug|x86 = Debug|x86
		Release|x64 = Release|x64
		Release|x86 = Release|x86
	EndGlobalSection
	GlobalSection(ProjectConfigurationPlatforms) = postSolution
		{40050811-0F95-403C-B2CD-7C57F38BBAFB}.Debug|x64.ActiveCfg = Debug|x64
		{40050811-0F95-403C-B2CD-7C57F38BBAFB}.Debug|x64.Build.0 = Debug|x64
		{40050811-0F95-403C-B2CD-7C57F38BBAFB}.Debug|x86.ActiveCfg = Debug|Win32
		{40050811-0F95-403C-B2CD-7C57F38BBAFB}.Debug|x86.Build.0 = Debug|Win32
		{40050811-0F95-403C-B2CD-7C57F38BBAFB}.Release|x64.ActiveCfg = Release|x64
		{40050811-0F95-403C-B2CD-7C57F38BBAFB}.Release|x64.Build.0 = Release|x64
		{40050811-0F95-403C-B2CD-7C57F38BBAFB}.Release|x86.ActiveCfg = Release|Win32
		{40050811-0F95-403C-B2CD-7C57F38BBAFB}.Release|x86.Build.0 = Release|Win32
		{371A6A83-FED7-4ADD-8276-F2B85EC4C0C5}.Debug|x64.ActiveCfg = Debug|x64
		{371A6A83-FED7-4ADD-8276-F2B85EC4C0C5}.Debug|x64.Build.0 = Debug|x64
		{371A6A83-FED7-4ADD-8276-F2B85EC4C0C5}.Debug|x86.ActiveCfg = Debug|Win32
		{371A6A83-FED7-4ADD-8276-F2B85EC4C0C5}.Debug|x86.Build.0 = Debug|Win32
		{371A6A83-FED7-4ADD-8276-F2B85EC4C0C5}.Release|x64.ActiveCfg = Release|x64
		{371A6A83-FED7-4ADD-8276-F2B85EC4C0C5}.Release|x64.Build.0 = Release|x64
		{371A6A83-FED7-4ADD-8276-F2B85EC4C0C5}.Release|x86.ActiveCfg = Release|Win32
		{371A6A83-FED7-4ADD-8276-F2B85EC4C0C5}.Release|x86.Build.0 = Release|Win32
		{333BA57E-6079-4ED4-A7D8-E7729291C32D}.Debug|x64.ActiveCfg = Debug|x64
		{333BA57E-6079-4ED4-A7D8-E7729291C32D}.Debug|x64.Build.0 = Debug|x64
		{333BA57E-6079-4ED4-A7D8-E7729291C32D}.Debug|x86.ActiveCfg = Debug|Win32
		{333BA57E-6079-4ED4-A7D8-E7729291C32D}.Debug|x86.Build.0 = Debug|Win32
		{333BA57E-6079-4ED4-A7D8-E7729291C32D}.Release|x64.ActiveCfg = Release|x64
		{333BA57E-6079-4ED4-A7D8-E7729291C32D}.Release|x64.Build.0 = Release|x64
		{333BA57E-6079-4ED4-A7D8-E7729291C32D}.Release|x86.ActiveCfg = Release|Win32
		{333BA57E-6079-4ED4-A7D8-E7729291C32D}.Release|x86.Build.0 = Release|Win32
	EndGlobalSection
	GlobalSection(SolutionProperties) = preSolution
		HideSolutionNode = FALSE
	EndGlobalSection
	GlobalSection(ExtensibilityGlobals) = postSolution
		SolutionGuid = {D3DCAFA8-276E-4151-8B3D-E27B0C6F8DDC}
	EndGlobalSection
EndGlobal
