
Microsoft Visual Studio Solution File, Format Version 12.00
# Visual Studio 15
VisualStudioVersion = 15.0.28307.1082
MinimumVisualStudioVersion = 10.0.40219.1
Project("{8BC9CEB8-8B4A-11D0-8D11-00A0C91BC942}") = "DataTypes", "DataTypes\DataTypes.vcxproj", "{38E7942F-D5D2-4968-8493-F3EF69FC5F03}"
EndProject
Project("{8BC9CEB8-8B4A-11D0-8D11-00A0C91BC942}") = "HomeWork", "HomeWork\HomeWork.vcxproj", "{34ED2C5C-0521-4F40-B886-791BA55572D0}"
EndProject
Global
	GlobalSection(SolutionConfigurationPlatforms) = preSolution
		Debug|x64 = Debug|x64
		Debug|x86 = Debug|x86
		Release|x64 = Release|x64
		Release|x86 = Release|x86
	EndGlobalSection
	GlobalSection(ProjectConfigurationPlatforms) = postSolution
		{38E7942F-D5D2-4968-8493-F3EF69FC5F03}.Debug|x64.ActiveCfg = Debug|x64
		{38E7942F-D5D2-4968-8493-F3EF69FC5F03}.Debug|x64.Build.0 = Debug|x64
		{38E7942F-D5D2-4968-8493-F3EF69FC5F03}.Debug|x86.ActiveCfg = Debug|Win32
		{38E7942F-D5D2-4968-8493-F3EF69FC5F03}.Debug|x86.Build.0 = Debug|Win32
		{38E7942F-D5D2-4968-8493-F3EF69FC5F03}.Release|x64.ActiveCfg = Release|x64
		{38E7942F-D5D2-4968-8493-F3EF69FC5F03}.Release|x64.Build.0 = Release|x64
		{38E7942F-D5D2-4968-8493-F3EF69FC5F03}.Release|x86.ActiveCfg = Release|Win32
		{38E7942F-D5D2-4968-8493-F3EF69FC5F03}.Release|x86.Build.0 = Release|Win32
		{34ED2C5C-0521-4F40-B886-791BA55572D0}.Debug|x64.ActiveCfg = Debug|x64
		{34ED2C5C-0521-4F40-B886-791BA55572D0}.Debug|x64.Build.0 = Debug|x64
		{34ED2C5C-0521-4F40-B886-791BA55572D0}.Debug|x86.ActiveCfg = Debug|Win32
		{34ED2C5C-0521-4F40-B886-791BA55572D0}.Debug|x86.Build.0 = Debug|Win32
		{34ED2C5C-0521-4F40-B886-791BA55572D0}.Release|x64.ActiveCfg = Release|x64
		{34ED2C5C-0521-4F40-B886-791BA55572D0}.Release|x64.Build.0 = Release|x64
		{34ED2C5C-0521-4F40-B886-791BA55572D0}.Release|x86.ActiveCfg = Release|Win32
		{34ED2C5C-0521-4F40-B886-791BA55572D0}.Release|x86.Build.0 = Release|Win32
	EndGlobalSection
	GlobalSection(SolutionProperties) = preSolution
		HideSolutionNode = FALSE
	EndGlobalSection
	GlobalSection(ExtensibilityGlobals) = postSolution
		SolutionGuid = {3FD55BB3-AE19-4219-A9B4-7C59492348FD}
	EndGlobalSection
EndGlobal
